
Microsoft Visual Studio Solution File, Format Version 12.00
# Visual Studio 15
VisualStudioVersion = 15.0.27004.2009
MinimumVisualStudioVersion = 10.0.40219.1
Project("{FAE04EC0-301F-11D3-BF4B-00C04F79EFBC}") = "NameSorter", "NameSorter\NameSorter.csproj", "{8C26FF51-C82D-42B2-82FB-2B17605D5991}"
EndProject
Project("{FAE04EC0-301F-11D3-BF4B-00C04F79EFBC}") = "UnitTest", "UnitTestProject1\UnitTest.csproj", "{E16198DD-3A40-4E6E-9D32-C55455AB2BFE}"
EndProject
Global
	GlobalSection(SolutionConfigurationPlatforms) = preSolution
		Debug|Any CPU = Debug|Any CPU
		Release|Any CPU = Release|Any CPU
	EndGlobalSection
	GlobalSection(ProjectConfigurationPlatforms) = postSolution
		{8C26FF51-C82D-42B2-82FB-2B17605D5991}.Debug|Any CPU.ActiveCfg = Debug|Any CPU
		{8C26FF51-C82D-42B2-82FB-2B17605D5991}.Debug|Any CPU.Build.0 = Debug|Any CPU
		{8C26FF51-C82D-42B2-82FB-2B17605D5991}.Release|Any CPU.ActiveCfg = Release|Any CPU
		{8C26FF51-C82D-42B2-82FB-2B17605D5991}.Release|Any CPU.Build.0 = Release|Any CPU
		{E16198DD-3A40-4E6E-9D32-C55455AB2BFE}.Debug|Any CPU.ActiveCfg = Debug|Any CPU
		{E16198DD-3A40-4E6E-9D32-C55455AB2BFE}.Debug|Any CPU.Build.0 = Debug|Any CPU
		{E16198DD-3A40-4E6E-9D32-C55455AB2BFE}.Release|Any CPU.ActiveCfg = Release|Any CPU
		{E16198DD-3A40-4E6E-9D32-C55455AB2BFE}.Release|Any CPU.Build.0 = Release|Any CPU
	EndGlobalSection
	GlobalSection(SolutionProperties) = preSolution
		HideSolutionNode = FALSE
	EndGlobalSection
	GlobalSection(ExtensibilityGlobals) = postSolution
		SolutionGuid = {322B140F-7629-411C-8F3D-399260551289}
	EndGlobalSection
EndGlobal
